
Microsoft Visual Studio Solution File, Format Version 12.00
# Visual Studio 15
VisualStudioVersion = 15.0.27130.2010
MinimumVisualStudioVersion = 10.0.40219.1
Project("{9A19103F-16F7-4668-BE54-9A1E7A4F7556}") = "vega", "vega.csproj", "{A08DE0F7-3284-447A-AC8D-59653E0955CA}"
EndProject
Global
	GlobalSection(SolutionConfigurationPlatforms) = preSolution
		Debug|Any CPU = Debug|Any CPU
		Release|Any CPU = Release|Any CPU
	EndGlobalSection
	GlobalSection(ProjectConfigurationPlatforms) = postSolution
		{A08DE0F7-3284-447A-AC8D-59653E0955CA}.Debug|Any CPU.ActiveCfg = Debug|Any CPU
		{A08DE0F7-3284-447A-AC8D-59653E0955CA}.Debug|Any CPU.Build.0 = Debug|Any CPU
		{A08DE0F7-3284-447A-AC8D-59653E0955CA}.Release|Any CPU.ActiveCfg = Release|Any CPU
		{A08DE0F7-3284-447A-AC8D-59653E0955CA}.Release|Any CPU.Build.0 = Release|Any CPU
	EndGlobalSection
	GlobalSection(SolutionProperties) = preSolution
		HideSolutionNode = FALSE
	EndGlobalSection
	GlobalSection(ExtensibilityGlobals) = postSolution
		SolutionGuid = {31D7A5ED-FCA5-4859-B50A-D1CCF2772224}
	EndGlobalSection
EndGlobal
